
Microsoft Visual Studio Solution File, Format Version 12.00
# Visual Studio Version 17
VisualStudioVersion = 17.5.002.0
MinimumVisualStudioVersion = 10.0.40219.1
Project("{9A19103F-16F7-4668-BE54-9A1E7A4F7556}") = "TUGs", "TUGs.csproj", "{394362A7-ED68-469A-B232-4D9E7E9F1A8A}"
EndProject
Global
	GlobalSection(SolutionConfigurationPlatforms) = preSolution
		Debug|Any CPU = Debug|Any CPU
		Release|Any CPU = Release|Any CPU
	EndGlobalSection
	GlobalSection(ProjectConfigurationPlatforms) = postSolution
		{394362A7-ED68-469A-B232-4D9E7E9F1A8A}.Debug|Any CPU.ActiveCfg = Debug|Any CPU
		{394362A7-ED68-469A-B232-4D9E7E9F1A8A}.Debug|Any CPU.Build.0 = Debug|Any CPU
		{394362A7-ED68-469A-B232-4D9E7E9F1A8A}.Release|Any CPU.ActiveCfg = Release|Any CPU
		{394362A7-ED68-469A-B232-4D9E7E9F1A8A}.Release|Any CPU.Build.0 = Release|Any CPU
	EndGlobalSection
	GlobalSection(SolutionProperties) = preSolution
		HideSolutionNode = FALSE
	EndGlobalSection
	GlobalSection(ExtensibilityGlobals) = postSolution
		SolutionGuid = {64C8F2F3-8EF3-4AEC-925D-507F11309E8E}
	EndGlobalSection
EndGlobal
